
Microsoft Visual Studio Solution File, Format Version 12.00
# Visual Studio Version 16
VisualStudioVersion = 16.0.31515.178
MinimumVisualStudioVersion = 10.0.40219.1
Project("{9A19103F-16F7-4668-BE54-9A1E7A4F7556}") = "LongInt", "LongInt\LongInt.csproj", "{866694B5-A534-4242-AD35-80B149F6B198}"
EndProject
Project("{FAE04EC0-301F-11D3-BF4B-00C04F79EFBC}") = "TestLongInt", "TestLongInt\TestLongInt.csproj", "{7CEEC793-3F62-4F4C-BF8F-EC9FE8C25549}"
EndProject
Global
	GlobalSection(SolutionConfigurationPlatforms) = preSolution
		Debug|Any CPU = Debug|Any CPU
		Release|Any CPU = Release|Any CPU
	EndGlobalSection
	GlobalSection(ProjectConfigurationPlatforms) = postSolution
		{866694B5-A534-4242-AD35-80B149F6B198}.Debug|Any CPU.ActiveCfg = Debug|Any CPU
		{866694B5-A534-4242-AD35-80B149F6B198}.Debug|Any CPU.Build.0 = Debug|Any CPU
		{866694B5-A534-4242-AD35-80B149F6B198}.Release|Any CPU.ActiveCfg = Release|Any CPU
		{866694B5-A534-4242-AD35-80B149F6B198}.Release|Any CPU.Build.0 = Release|Any CPU
		{7CEEC793-3F62-4F4C-BF8F-EC9FE8C25549}.Debug|Any CPU.ActiveCfg = Debug|Any CPU
		{7CEEC793-3F62-4F4C-BF8F-EC9FE8C25549}.Debug|Any CPU.Build.0 = Debug|Any CPU
		{7CEEC793-3F62-4F4C-BF8F-EC9FE8C25549}.Release|Any CPU.ActiveCfg = Release|Any CPU
		{7CEEC793-3F62-4F4C-BF8F-EC9FE8C25549}.Release|Any CPU.Build.0 = Release|Any CPU
	EndGlobalSection
	GlobalSection(SolutionProperties) = preSolution
		HideSolutionNode = FALSE
	EndGlobalSection
	GlobalSection(ExtensibilityGlobals) = postSolution
		SolutionGuid = {5AAD4766-5662-4483-8052-B0FDF0B87B7B}
	EndGlobalSection
EndGlobal
